// !$*UTF8*$!
{
	archiveVersion = 1;
	classes = {
	};
	objectVersion = 50;
	objects = {

/* Begin PBXBuildFile section */
		6B15D23B25A658660008DF88 /* Carts.swift in Sources */ = {isa = PBXBuildFile; fileRef = 6B15D23A25A658660008DF88 /* Carts.swift */; };
		6B32043925A456880000B21A /* Detail.swift in Sources */ = {isa = PBXBuildFile; fileRef = 6B32043825A456880000B21A /* Detail.swift */; };
		6B72F66F25AA352600356F41 /* ItemsList.swift in Sources */ = {isa = PBXBuildFile; fileRef = 6B72F66E25AA352600356F41 /* ItemsList.swift */; };
		6B72F67225AA441400356F41 /* AccountModel.swift in Sources */ = {isa = PBXBuildFile; fileRef = 6B72F67125AA441400356F41 /* AccountModel.swift */; };
		6B72F67725AE11C000356F41 /* TabBar.swift in Sources */ = {isa = PBXBuildFile; fileRef = 6B72F67625AE11C000356F41 /* TabBar.swift */; };
		6B72F67A25AE138400356F41 /* ScrollTopMenu.swift in Sources */ = {isa = PBXBuildFile; fileRef = 6B72F67925AE138400356F41 /* ScrollTopMenu.swift */; };
		6BC3232825A8F58900CBCC5C /* Account.swift in Sources */ = {isa = PBXBuildFile; fileRef = 6BC3232725A8F58900CBCC5C /* Account.swift */; };
		6BEE70B925A6FD5E0048B853 /* Item.swift in Sources */ = {isa = PBXBuildFile; fileRef = 6BEE70B825A6FD5E0048B853 /* Item.swift */; };
		6BEE70BC25A6FD7B0048B853 /* Extensions.swift in Sources */ = {isa = PBXBuildFile; fileRef = 6BEE70BB25A6FD7B0048B853 /* Extensions.swift */; };
		6BEE70C125A773510048B853 /* BasketModel.swift in Sources */ = {isa = PBXBuildFile; fileRef = 6BEE70C025A773510048B853 /* BasketModel.swift */; };
		6BEE70C625A773A00048B853 /* Main.swift in Sources */ = {isa = PBXBuildFile; fileRef = 6BEE70C525A773A00048B853 /* Main.swift */; };
		6BEE70CA25A785AD0048B853 /* Basket.swift in Sources */ = {isa = PBXBuildFile; fileRef = 6BEE70C925A785AD0048B853 /* Basket.swift */; };
		6BEE70D025A78F310048B853 /* Favorites.swift in Sources */ = {isa = PBXBuildFile; fileRef = 6BEE70CF25A78F310048B853 /* Favorites.swift */; };
		6BFDF17D25A0D3E100B32D84 /* mrKingsmanApp.swift in Sources */ = {isa = PBXBuildFile; fileRef = 6BFDF17C25A0D3E100B32D84 /* mrKingsmanApp.swift */; };
		6BFDF17F25A0D3E100B32D84 /* ContentView.swift in Sources */ = {isa = PBXBuildFile; fileRef = 6BFDF17E25A0D3E100B32D84 /* ContentView.swift */; };
		6BFDF18125A0D3E200B32D84 /* Assets.xcassets in Resources */ = {isa = PBXBuildFile; fileRef = 6BFDF18025A0D3E200B32D84 /* Assets.xcassets */; };
		6BFDF18425A0D3E200B32D84 /* Preview Assets.xcassets in Resources */ = {isa = PBXBuildFile; fileRef = 6BFDF18325A0D3E200B32D84 /* Preview Assets.xcassets */; };
/* End PBXBuildFile section */

/* Begin PBXFileReference section */
		6B15D23A25A658660008DF88 /* Carts.swift */ = {isa = PBXFileReference; lastKnownFileType = sourcecode.swift; path = Carts.swift; sourceTree = "<group>"; };
		6B32043825A456880000B21A /* Detail.swift */ = {isa = PBXFileReference; lastKnownFileType = sourcecode.swift; path = Detail.swift; sourceTree = "<group>"; };
		6B72F66E25AA352600356F41 /* ItemsList.swift */ = {isa = PBXFileReference; lastKnownFileType = sourcecode.swift; path = ItemsList.swift; sourceTree = "<group>"; };
		6B72F67125AA441400356F41 /* AccountModel.swift */ = {isa = PBXFileReference; lastKnownFileType = sourcecode.swift; path = AccountModel.swift; sourceTree = "<group>"; };
		6B72F67625AE11C000356F41 /* TabBar.swift */ = {isa = PBXFileReference; lastKnownFileType = sourcecode.swift; path = TabBar.swift; sourceTree = "<group>"; };
		6B72F67925AE138400356F41 /* ScrollTopMenu.swift */ = {isa = PBXFileReference; lastKnownFileType = sourcecode.swift; path = ScrollTopMenu.swift; sourceTree = "<group>"; };
		6BC3232725A8F58900CBCC5C /* Account.swift */ = {isa = PBXFileReference; lastKnownFileType = sourcecode.swift; path = Account.swift; sourceTree = "<group>"; };
		6BEE70B825A6FD5E0048B853 /* Item.swift */ = {isa = PBXFileReference; lastKnownFileType = sourcecode.swift; path = Item.swift; sourceTree = "<group>"; };
		6BEE70BB25A6FD7B0048B853 /* Extensions.swift */ = {isa = PBXFileReference; lastKnownFileType = sourcecode.swift; path = Extensions.swift; sourceTree = "<group>"; };
		6BEE70C025A773510048B853 /* BasketModel.swift */ = {isa = PBXFileReference; lastKnownFileType = sourcecode.swift; path = BasketModel.swift; sourceTree = "<group>"; };
		6BEE70C525A773A00048B853 /* Main.swift */ = {isa = PBXFileReference; lastKnownFileType = sourcecode.swift; path = Main.swift; sourceTree = "<group>"; };
		6BEE70C925A785AD0048B853 /* Basket.swift */ = {isa = PBXFileReference; lastKnownFileType = sourcecode.swift; path = Basket.swift; sourceTree = "<group>"; };
		6BEE70CF25A78F310048B853 /* Favorites.swift */ = {isa = PBXFileReference; lastKnownFileType = sourcecode.swift; path = Favorites.swift; sourceTree = "<group>"; };
		6BFDF17925A0D3E100B32D84 /* mrKingsman.app */ = {isa = PBXFileReference; explicitFileType = wrapper.application; includeInIndex = 0; path = mrKingsman.app; sourceTree = BUILT_PRODUCTS_DIR; };
		6BFDF17C25A0D3E100B32D84 /* mrKingsmanApp.swift */ = {isa = PBXFileReference; lastKnownFileType = sourcecode.swift; path = mrKingsmanApp.swift; sourceTree = "<group>"; };
		6BFDF17E25A0D3E100B32D84 /* ContentView.swift */ = {isa = PBXFileReference; lastKnownFileType = sourcecode.swift; path = ContentView.swift; sourceTree = "<group>"; };
		6BFDF18025A0D3E200B32D84 /* Assets.xcassets */ = {isa = PBXFileReference; lastKnownFileType = folder.assetcatalog; path = Assets.xcassets; sourceTree = "<group>"; };
		6BFDF18325A0D3E200B32D84 /* Preview Assets.xcassets */ = {isa = PBXFileReference; lastKnownFileType = folder.assetcatalog; path = "Preview Assets.xcassets"; sourceTree = "<group>"; };
		6BFDF18525A0D3E200B32D84 /* Info.plist */ = {isa = PBXFileReference; lastKnownFileType = text.plist.xml; path = Info.plist; sourceTree = "<group>"; };
/* End PBXFileReference section */

/* Begin PBXFrameworksBuildPhase section */
		6BFDF17625A0D3E100B32D84 /* Frameworks */ = {
			isa = PBXFrameworksBuildPhase;
			buildActionMask = 2147483647;
			files = (
			);
			runOnlyForDeploymentPostprocessing = 0;
		};
/* End PBXFrameworksBuildPhase section */

/* Begin PBXGroup section */
		6BEE70B725A6FD460048B853 /* Model */ = {
			isa = PBXGroup;
			children = (
				6BEE70B825A6FD5E0048B853 /* Item.swift */,
			);
			path = Model;
			sourceTree = "<group>";
		};
		6BEE70BF25A7732E0048B853 /* ViewModel */ = {
			isa = PBXGroup;
			children = (
				6BEE70C025A773510048B853 /* BasketModel.swift */,
				6B72F67125AA441400356F41 /* AccountModel.swift */,
			);
			path = ViewModel;
			sourceTree = "<group>";
		};
		6BEE70C425A7737F0048B853 /* View */ = {
			isa = PBXGroup;
			children = (
				6BEE70C525A773A00048B853 /* Main.swift */,
				6B15D23A25A658660008DF88 /* Carts.swift */,
				6B32043825A456880000B21A /* Detail.swift */,
				6BEE70C925A785AD0048B853 /* Basket.swift */,
				6BEE70CF25A78F310048B853 /* Favorites.swift */,
				6BC3232725A8F58900CBCC5C /* Account.swift */,
				6B72F66E25AA352600356F41 /* ItemsList.swift */,
				6B72F67625AE11C000356F41 /* TabBar.swift */,
				6B72F67925AE138400356F41 /* ScrollTopMenu.swift */,
			);
			path = View;
			sourceTree = "<group>";
		};
		6BFDF17025A0D3E100B32D84 = {
			isa = PBXGroup;
			children = (
				6BFDF17B25A0D3E100B32D84 /* mrKingsman */,
				6BFDF17A25A0D3E100B32D84 /* Products */,
			);
			sourceTree = "<group>";
		};
		6BFDF17A25A0D3E100B32D84 /* Products */ = {
			isa = PBXGroup;
			children = (
				6BFDF17925A0D3E100B32D84 /* mrKingsman.app */,
			);
			name = Products;
			sourceTree = "<group>";
		};
		6BFDF17B25A0D3E100B32D84 /* mrKingsman */ = {
			isa = PBXGroup;
			children = (
				6BFDF17E25A0D3E100B32D84 /* ContentView.swift */,
				6BEE70C425A7737F0048B853 /* View */,
				6BEE70BF25A7732E0048B853 /* ViewModel */,
				6BEE70B725A6FD460048B853 /* Model */,
				6BFDF18025A0D3E200B32D84 /* Assets.xcassets */,
				6BEE70BB25A6FD7B0048B853 /* Extensions.swift */,
				6BFDF18525A0D3E200B32D84 /* Info.plist */,
				6BFDF17C25A0D3E100B32D84 /* mrKingsmanApp.swift */,
				6BFDF18225A0D3E200B32D84 /* Preview Content */,
			);
			path = mrKingsman;
			sourceTree = "<group>";
		};
		6BFDF18225A0D3E200B32D84 /* Preview Content */ = {
			isa = PBXGroup;
			children = (
				6BFDF18325A0D3E200B32D84 /* Preview Assets.xcassets */,
			);
			path = "Preview Content";
			sourceTree = "<group>";
		};
/* End PBXGroup section */

/* Begin PBXNativeTarget section */
		6BFDF17825A0D3E100B32D84 /* mrKingsman */ = {
			isa = PBXNativeTarget;
			buildConfigurationList = 6BFDF18825A0D3E200B32D84 /* Build configuration list for PBXNativeTarget "mrKingsman" */;
			buildPhases = (
				6BFDF17525A0D3E100B32D84 /* Sources */,
				6BFDF17625A0D3E100B32D84 /* Frameworks */,
				6BFDF17725A0D3E100B32D84 /* Resources */,
			);
			buildRules = (
			);
			dependencies = (
			);
			name = mrKingsman;
			productName = mrKingsman;
			productReference = 6BFDF17925A0D3E100B32D84 /* mrKingsman.app */;
			productType = "com.apple.product-type.application";
		};
/* End PBXNativeTarget section */

/* Begin PBXProject section */
		6BFDF17125A0D3E100B32D84 /* Project object */ = {
			isa = PBXProject;
			attributes = {
				LastSwiftUpdateCheck = 1230;
				LastUpgradeCheck = 1230;
				TargetAttributes = {
					6BFDF17825A0D3E100B32D84 = {
						CreatedOnToolsVersion = 12.3;
					};
				};
			};
			buildConfigurationList = 6BFDF17425A0D3E100B32D84 /* Build configuration list for PBXProject "mrKingsman" */;
			compatibilityVersion = "Xcode 9.3";
			developmentRegion = en;
			hasScannedForEncodings = 0;
			knownRegions = (
				en,
				Base,
			);
			mainGroup = 6BFDF17025A0D3E100B32D84;
			productRefGroup = 6BFDF17A25A0D3E100B32D84 /* Products */;
			projectDirPath = "";
			projectRoot = "";
			targets = (
				6BFDF17825A0D3E100B32D84 /* mrKingsman */,
			);
		};
/* End PBXProject section */

/* Begin PBXResourcesBuildPhase section */
		6BFDF17725A0D3E100B32D84 /* Resources */ = {
			isa = PBXResourcesBuildPhase;
			buildActionMask = 2147483647;
			files = (
				6BFDF18425A0D3E200B32D84 /* Preview Assets.xcassets in Resources */,
				6BFDF18125A0D3E200B32D84 /* Assets.xcassets in Resources */,
			);
			runOnlyForDeploymentPostprocessing = 0;
		};
/* End PBXResourcesBuildPhase section */

/* Begin PBXSourcesBuildPhase section */
		6BFDF17525A0D3E100B32D84 /* Sources */ = {
			isa = PBXSourcesBuildPhase;
			buildActionMask = 2147483647;
			files = (
				6B72F66F25AA352600356F41 /* ItemsList.swift in Sources */,
				6BEE70B925A6FD5E0048B853 /* Item.swift in Sources */,
				6BC3232825A8F58900CBCC5C /* Account.swift in Sources */,
				6BEE70D025A78F310048B853 /* Favorites.swift in Sources */,
				6BEE70BC25A6FD7B0048B853 /* Extensions.swift in Sources */,
				6B72F67225AA441400356F41 /* AccountModel.swift in Sources */,
				6BEE70C625A773A00048B853 /* Main.swift in Sources */,
				6BEE70C125A773510048B853 /* BasketModel.swift in Sources */,
				6BFDF17F25A0D3E100B32D84 /* ContentView.swift in Sources */,
				6BFDF17D25A0D3E100B32D84 /* mrKingsmanApp.swift in Sources */,
				6BEE70CA25A785AD0048B853 /* Basket.swift in Sources */,
				6B32043925A456880000B21A /* Detail.swift in Sources */,
				6B15D23B25A658660008DF88 /* Carts.swift in Sources */,
				6B72F67A25AE138400356F41 /* ScrollTopMenu.swift in Sources */,
				6B72F67725AE11C000356F41 /* TabBar.swift in Sources */,
			);
			runOnlyForDeploymentPostprocessing = 0;
		};
/* End PBXSourcesBuildPhase section */

/* Begin XCBuildConfiguration section */
		6BFDF18625A0D3E200B32D84 /* Debug */ = {
			isa = XCBuildConfiguration;
			buildSettings = {
				ALWAYS_SEARCH_USER_PATHS = NO;
				CLANG_ANALYZER_NONNULL = YES;
				CLANG_ANALYZER_NUMBER_OBJECT_CONVERSION = YES_AGGRESSIVE;
				CLANG_CXX_LANGUAGE_STANDARD = "gnu++14";
				CLANG_CXX_LIBRARY = "libc++";
				CLANG_ENABLE_MODULES = YES;
				CLANG_ENABLE_OBJC_ARC = YES;
				CLANG_ENABLE_OBJC_WEAK = YES;
				CLANG_WARN_BLOCK_CAPTURE_AUTORELEASING = YES;
				CLANG_WARN_BOOL_CONVERSION = YES;
				CLANG_WARN_COMMA = YES;
				CLANG_WARN_CONSTANT_CONVERSION = YES;
				CLANG_WARN_DEPRECATED_OBJC_IMPLEMENTATIONS = YES;
				CLANG_WARN_DIRECT_OBJC_ISA_USAGE = YES_ERROR;
				CLANG_WARN_DOCUMENTATION_COMMENTS = YES;
				CLANG_WARN_EMPTY_BODY = YES;
				CLANG_WARN_ENUM_CONVERSION = YES;
				CLANG_WARN_INFINITE_RECURSION = YES;
				CLANG_WARN_INT_CONVERSION = YES;
				CLANG_WARN_NON_LITERAL_NULL_CONVERSION = YES;
				CLANG_WARN_OBJC_IMPLICIT_RETAIN_SELF = YES;
				CLANG_WARN_OBJC_LITERAL_CONVERSION = YES;
				CLANG_WARN_OBJC_ROOT_CLASS = YES_ERROR;
				CLANG_WARN_QUOTED_INCLUDE_IN_FRAMEWORK_HEADER = YES;
				CLANG_WARN_RANGE_LOOP_ANALYSIS = YES;
				CLANG_WARN_STRICT_PROTOTYPES = YES;
				CLANG_WARN_SUSPICIOUS_MOVE = YES;
				CLANG_WARN_UNGUARDED_AVAILABILITY = YES_AGGRESSIVE;
				CLANG_WARN_UNREACHABLE_CODE = YES;
				CLANG_WARN__DUPLICATE_METHOD_MATCH = YES;
				COPY_PHASE_STRIP = NO;
				DEBUG_INFORMATION_FORMAT = dwarf;
				ENABLE_STRICT_OBJC_MSGSEND = YES;
				ENABLE_TESTABILITY = YES;
				GCC_C_LANGUAGE_STANDARD = gnu11;
				GCC_DYNAMIC_NO_PIC = NO;
				GCC_NO_COMMON_BLOCKS = YES;
				GCC_OPTIMIZATION_LEVEL = 0;
				GCC_PREPROCESSOR_DEFINITIONS = (
					"DEBUG=1",
					"$(inherited)",
				);
				GCC_WARN_64_TO_32_BIT_CONVERSION = YES;
				GCC_WARN_ABOUT_RETURN_TYPE = YES_ERROR;
				GCC_WARN_UNDECLARED_SELECTOR = YES;
				GCC_WARN_UNINITIALIZED_AUTOS = YES_AGGRESSIVE;
				GCC_WARN_UNUSED_FUNCTION = YES;
				GCC_WARN_UNUSED_VARIABLE = YES;
				IPHONEOS_DEPLOYMENT_TARGET = 14.3;
				MTL_ENABLE_DEBUG_INFO = INCLUDE_SOURCE;
				MTL_FAST_MATH = YES;
				ONLY_ACTIVE_ARCH = YES;
				SDKROOT = iphoneos;
				SWIFT_ACTIVE_COMPILATION_CONDITIONS = DEBUG;
				SWIFT_OPTIMIZATION_LEVEL = "-Onone";
			};
			name = Debug;
		};
		6BFDF18725A0D3E200B32D84 /* Release */ = {
			isa = XCBuildConfiguration;
			buildSettings = {
				ALWAYS_SEARCH_USER_PATHS = NO;
				CLANG_ANALYZER_NONNULL = YES;
				CLANG_ANALYZER_NUMBER_OBJECT_CONVERSION = YES_AGGRESSIVE;
				CLANG_CXX_LANGUAGE_STANDARD = "gnu++14";
				CLANG_CXX_LIBRARY = "libc++";
				CLANG_ENABLE_MODULES = YES;
				CLANG_ENABLE_OBJC_ARC = YES;
				CLANG_ENABLE_OBJC_WEAK = YES;
				CLANG_WARN_BLOCK_CAPTURE_AUTORELEASING = YES;
				CLANG_WARN_BOOL_CONVERSION = YES;
				CLANG_WARN_COMMA = YES;
				CLANG_WARN_CONSTANT_CONVERSION = YES;
				CLANG_WARN_DEPRECATED_OBJC_IMPLEMENTATIONS = YES;
				CLANG_WARN_DIRECT_OBJC_ISA_USAGE = YES_ERROR;
				CLANG_WARN_DOCUMENTATION_COMMENTS = YES;
				CLANG_WARN_EMPTY_BODY = YES;
				CLANG_WARN_ENUM_CONVERSION = YES;
				CLANG_WARN_INFINITE_RECURSION = YES;
				CLANG_WARN_INT_CONVERSION = YES;
				CLANG_WARN_NON_LITERAL_NULL_CONVERSION = YES;
				CLANG_WARN_OBJC_IMPLICIT_RETAIN_SELF = YES;
				CLANG_WARN_OBJC_LITERAL_CONVERSION = YES;
				CLANG_WARN_OBJC_ROOT_CLASS = YES_ERROR;
				CLANG_WARN_QUOTED_INCLUDE_IN_FRAMEWORK_HEADER = YES;
				CLANG_WARN_RANGE_LOOP_ANALYSIS = YES;
				CLANG_WARN_STRICT_PROTOTYPES = YES;
				CLANG_WARN_SUSPICIOUS_MOVE = YES;
				CLANG_WARN_UNGUARDED_AVAILABILITY = YES_AGGRESSIVE;
				CLANG_WARN_UNREACHABLE_CODE = YES;
				CLANG_WARN__DUPLICATE_METHOD_MATCH = YES;
				COPY_PHASE_STRIP = NO;
				DEBUG_INFORMATION_FORMAT = "dwarf-with-dsym";
				ENABLE_NS_ASSERTIONS = NO;
				ENABLE_STRICT_OBJC_MSGSEND = YES;
				GCC_C_LANGUAGE_STANDARD = gnu11;
				GCC_NO_COMMON_BLOCKS = YES;
				GCC_WARN_64_TO_32_BIT_CONVERSION = YES;
				GCC_WARN_ABOUT_RETURN_TYPE = YES_ERROR;
				GCC_WARN_UNDECLARED_SELECTOR = YES;
				GCC_WARN_UNINITIALIZED_AUTOS = YES_AGGRESSIVE;
				GCC_WARN_UNUSED_FUNCTION = YES;
				GCC_WARN_UNUSED_VARIABLE = YES;
				IPHONEOS_DEPLOYMENT_TARGET = 14.3;
				MTL_ENABLE_DEBUG_INFO = NO;
				MTL_FAST_MATH = YES;
				SDKROOT = iphoneos;
				SWIFT_COMPILATION_MODE = wholemodule;
				SWIFT_OPTIMIZATION_LEVEL = "-O";
				VALIDATE_PRODUCT = YES;
			};
			name = Release;
		};
		6BFDF18925A0D3E200B32D84 /* Debug */ = {
			isa = XCBuildConfiguration;
			buildSettings = {
				ASSETCATALOG_COMPILER_APPICON_NAME = AppIcon;
				ASSETCATALOG_COMPILER_GLOBAL_ACCENT_COLOR_NAME = AccentColor;
				CODE_SIGN_STYLE = Automatic;
				DEVELOPMENT_ASSET_PATHS = "\"mrKingsman/Preview Content\"";
				DEVELOPMENT_TEAM = XWJ7U5B2BL;
				ENABLE_PREVIEWS = YES;
				INFOPLIST_FILE = mrKingsman/Info.plist;
				IPHONEOS_DEPLOYMENT_TARGET = 14.0;
				LD_RUNPATH_SEARCH_PATHS = (
					"$(inherited)",
					"@executable_path/Frameworks",
				);
				PRODUCT_BUNDLE_IDENTIFIER = ru.krakatoor.mrKingsman;
				PRODUCT_NAME = "$(TARGET_NAME)";
				SWIFT_VERSION = 5.0;
				TARGETED_DEVICE_FAMILY = "1,2";
			};
			name = Debug;
		};
		6BFDF18A25A0D3E200B32D84 /* Release */ = {
			isa = XCBuildConfiguration;
			buildSettings = {
				ASSETCATALOG_COMPILER_APPICON_NAME = AppIcon;
				ASSETCATALOG_COMPILER_GLOBAL_ACCENT_COLOR_NAME = AccentColor;
				CODE_SIGN_STYLE = Automatic;
				DEVELOPMENT_ASSET_PATHS = "\"mrKingsman/Preview Content\"";
				DEVELOPMENT_TEAM = XWJ7U5B2BL;
				ENABLE_PREVIEWS = YES;
				INFOPLIST_FILE = mrKingsman/Info.plist;
				IPHONEOS_DEPLOYMENT_TARGET = 14.0;
				LD_RUNPATH_SEARCH_PATHS = (
					"$(inherited)",
					"@executable_path/Frameworks",
				);
				PRODUCT_BUNDLE_IDENTIFIER = ru.krakatoor.mrKingsman;
				PRODUCT_NAME = "$(TARGET_NAME)";
				SWIFT_VERSION = 5.0;
				TARGETED_DEVICE_FAMILY = "1,2";
			};
			name = Release;
		};
/* End XCBuildConfiguration section */

/* Begin XCConfigurationList section */
		6BFDF17425A0D3E100B32D84 /* Build configuration list for PBXProject "mrKingsman" */ = {
			isa = XCConfigurationList;
			buildConfigurations = (
				6BFDF18625A0D3E200B32D84 /* Debug */,
				6BFDF18725A0D3E200B32D84 /* Release */,
			);
			defaultConfigurationIsVisible = 0;
			defaultConfigurationName = Release;
		};
		6BFDF18825A0D3E200B32D84 /* Build configuration list for PBXNativeTarget "mrKingsman" */ = {
			isa = XCConfigurationList;
			buildConfigurations = (
				6BFDF18925A0D3E200B32D84 /* Debug */,
				6BFDF18A25A0D3E200B32D84 /* Release */,
			);
			defaultConfigurationIsVisible = 0;
			defaultConfigurationName = Release;
		};
/* End XCConfigurationList section */
	};
	rootObject = 6BFDF17125A0D3E100B32D84 /* Project object */;
}
